
Microsoft Visual Studio Solution File, Format Version 12.00
# Visual Studio 15
VisualStudioVersion = 15.0.28307.539
MinimumVisualStudioVersion = 10.0.40219.1
Project("{FAE04EC0-301F-11D3-BF4B-00C04F79EFBC}") = "AnVatChanh9", "AnVatChanh9\AnVatChanh9.csproj", "{50AA8647-4BC6-42C7-8778-3CD8DCBE666E}"
EndProject
Global
	GlobalSection(SolutionConfigurationPlatforms) = preSolution
		Debug|Any CPU = Debug|Any CPU
		Release|Any CPU = Release|Any CPU
	EndGlobalSection
	GlobalSection(ProjectConfigurationPlatforms) = postSolution
		{50AA8647-4BC6-42C7-8778-3CD8DCBE666E}.Debug|Any CPU.ActiveCfg = Debug|Any CPU
		{50AA8647-4BC6-42C7-8778-3CD8DCBE666E}.Debug|Any CPU.Build.0 = Debug|Any CPU
		{50AA8647-4BC6-42C7-8778-3CD8DCBE666E}.Release|Any CPU.ActiveCfg = Release|Any CPU
		{50AA8647-4BC6-42C7-8778-3CD8DCBE666E}.Release|Any CPU.Build.0 = Release|Any CPU
	EndGlobalSection
	GlobalSection(SolutionProperties) = preSolution
		HideSolutionNode = FALSE
	EndGlobalSection
	GlobalSection(ExtensibilityGlobals) = postSolution
		SolutionGuid = {CECCFF66-DC57-48A6-BA27-E7B5443FBB0B}
	EndGlobalSection
EndGlobal
